Microsoft Visual Studio Solution File, Format Version 12.00
# Visual Studio 15
VisualStudioVersion = 15.0.28307.421
MinimumVisualStudioVersion = 10.0.40219.1
Project("{FAE04EC0-301F-11D3-BF4B-00C04F79EFBC}") = "TransClock", "TransClock\TransClock.csproj", "{BB9F683A-BEE3-465C-AF8A-B774DCA74DF5}"
EndProject
Project("{FAE04EC0-301F-11D3-BF4B-00C04F79EFBC}") = "ScheduleTimer", "ScheduleTimer\ScheduleTimer.csproj", "{A1087FDB-40E7-461C-8402-AF74AEFC3E51}"
EndProject
Project("{FAE04EC0-301F-11D3-BF4B-00C04F79EFBC}") = "ReportTimerTest", "ReportTimerTest\ReportTimerTest.csproj", "{C4CD9FBB-90D0-4567-9788-A72FCA007922}"
EndProject
Project("{FAE04EC0-301F-11D3-BF4B-00C04F79EFBC}") = "TimerTest", "TimerTest\TimerTest.csproj", "{C6FE5EA4-74FA-4EB5-9157-FE75A6840C87}"
EndProject
Global
	GlobalSection(SolutionConfigurationPlatforms) = preSolution
		Debug|Any CPU = Debug|Any CPU
		Release|Any CPU = Release|Any CPU
	EndGlobalSection
	GlobalSection(ProjectConfigurationPlatforms) = postSolution
		{BB9F683A-BEE3-465C-AF8A-B774DCA74DF5}.Debug|Any CPU.ActiveCfg = Debug|Any CPU
		{BB9F683A-BEE3-465C-AF8A-B774DCA74DF5}.Debug|Any CPU.Build.0 = Debug|Any CPU
		{BB9F683A-BEE3-465C-AF8A-B774DCA74DF5}.Release|Any CPU.ActiveCfg = Release|Any CPU
		{BB9F683A-BEE3-465C-AF8A-B774DCA74DF5}.Release|Any CPU.Build.0 = Release|Any CPU
		{A1087FDB-40E7-461C-8402-AF74AEFC3E51}.Debug|Any CPU.ActiveCfg = Debug|Any CPU
		{A1087FDB-40E7-461C-8402-AF74AEFC3E51}.Debug|Any CPU.Build.0 = Debug|Any CPU
		{A1087FDB-40E7-461C-8402-AF74AEFC3E51}.Release|Any CPU.ActiveCfg = Release|Any CPU
		{A1087FDB-40E7-461C-8402-AF74AEFC3E51}.Release|Any CPU.Build.0 = Release|Any CPU
		{C4CD9FBB-90D0-4567-9788-A72FCA007922}.Debug|Any CPU.ActiveCfg = Debug|Any CPU
		{C4CD9FBB-90D0-4567-9788-A72FCA007922}.Debug|Any CPU.Build.0 = Debug|Any CPU
		{C4CD9FBB-90D0-4567-9788-A72FCA007922}.Release|Any CPU.ActiveCfg = Release|Any CPU
		{C4CD9FBB-90D0-4567-9788-A72FCA007922}.Release|Any CPU.Build.0 = Release|Any CPU
		{C6FE5EA4-74FA-4EB5-9157-FE75A6840C87}.Debug|Any CPU.ActiveCfg = Debug|Any CPU
		{C6FE5EA4-74FA-4EB5-9157-FE75A6840C87}.Debug|Any CPU.Build.0 = Debug|Any CPU
		{C6FE5EA4-74FA-4EB5-9157-FE75A6840C87}.Release|Any CPU.ActiveCfg = Release|Any CPU
		{C6FE5EA4-74FA-4EB5-9157-FE75A6840C87}.Release|Any CPU.Build.0 = Release|Any CPU
	EndGlobalSection
	GlobalSection(SolutionProperties) = preSolution
		HideSolutionNode = FALSE
	EndGlobalSection
	GlobalSection(ExtensibilityGlobals) = postSolution
		SolutionGuid = {4379BFE5-C297-4D7F-B9C0-F42294F8C50B}
	EndGlobalSection
EndGlobal
